<Solution>
  <Folder Name="/解决方案项/">
    <File Path=".gitignore" />
    <File Path="LICENSE" />
    <File Path="README.md" />
  </Folder>
  <Project Path="src/ConsoleDebug/ConsoleDebug.csproj" Id="295f3c0c-3dea-412b-addf-7e0974fb165a" />
  <Project Path="src/TheColdWorld.Utils.WebSocket/TheColdWorld.Utils.WebSocket.csproj" Id="a2c591f5-9325-4357-a5a6-1ef626125cd2" />
</Solution>
